{
  "name": "1test",
  "version": "0.1.0",
  "lockfileVersion": 3,
  "requires": true,
  "packages": {
    "": {
      "name": "1test",
      "version": "0.1.0",
      "license": "MIT",
      "dependencies": {
        "ts-edge": "^1.0.4"
      },
      "devDependencies": {
        "@types/node": "^20.10.0",
        "typescript": "^5.3.3"
      }
    },
    "node_modules/@types/node": {
      "version": "20.19.28",
      "resolved": "https://registry.npmjs.org/@types/node/-/node-20.19.28.tgz",
      "integrity": "sha512-VyKBr25BuFDzBFCK5sUM6ZXiWfqgCTwTAOK8qzGV/m9FCirXYDlmczJ+d5dXBAQALGCdRRdbteKYfJ84NGEusw==",
      "dev": true,
      "license": "MIT",
      "dependencies": {
        "undici-types": "~6.21.0"
      }
    },
    "node_modules/ts-edge": {
      "version": "1.0.4",
      "resolved": "https://registry.npmjs.org/ts-edge/-/ts-edge-1.0.4.tgz",
      "integrity": "sha512-pRPqjf8noUPR6VU+PNKMyEskqj/5ABTR6SjRQt3LueqKbO/uSWJc3hvcdJFZMCKXZqUoZL8oPAHR4dVuMqiAFQ==",
      "license": "MIT",
      "dependencies": {
        "ts-safe": "^0.0.5"
      },
      "engines": {
        "node": ">=14.0.0"
      }
    },
    "node_modules/ts-safe": {
      "version": "0.0.5",
      "resolved": "https://registry.npmjs.org/ts-safe/-/ts-safe-0.0.5.tgz",
      "integrity": "sha512-Bai5dobPYWmDurdCm3G/YUhB1gKu8MPudtg6bwRrLNVuUJ7vyXTad6NOYmdksBY4m3YV5JmbDvkdJqiX6Q7CSQ==",
      "license": "MIT",
      "engines": {
        "node": ">=14.0.0"
      }
    },
    "node_modules/typescript": {
      "version": "5.9.3",
      "resolved": "https://registry.npmjs.org/typescript/-/typescript-5.9.3.tgz",
      "integrity": "sha512-jl1vZzPDinLr9eUt3J/t7V6FgNEw9QjvBPdysz9KfQDD41fQrC2Y4vKQdiaUpFT4bXlb1RHhLpp8wtm6M5TgSw==",
      "dev": true,
      "license": "Apache-2.0",
      "bin": {
        "tsc": "bin/tsc",
        "tsserver": "bin/tsserver"
      },
      "engines": {
        "node": ">=14.17"
      }
    },
    "node_modules/undici-types": {
      "version": "6.21.0",
      "resolved": "https://registry.npmjs.org/undici-types/-/undici-types-6.21.0.tgz",
      "integrity": "sha512-iwDZqg0QAGrg9Rav5H4n0M64c3mkR59cJ6wQp+7C4nI0gsmExaedaYLNO44eT4AtBBwjbTiGPMlt2Md0T9H9JQ==",
      "dev": true,
      "license": "MIT"
    }
  }
}
